
Microsoft Visual Studio Solution File, Format Version 12.00
# Visual Studio Version 17
VisualStudioVersion = 17.8.34309.116
MinimumVisualStudioVersion = 10.0.40219.1
Project("{FAE04EC0-301F-11D3-BF4B-00C04F79EFBC}") = "HellDiversDotNet", "HellDiversDotNet\HellDiversDotNet.csproj", "{64E709AC-8A65-4DC6-A0F9-DDCD705B8AD5}"
EndProject
Project("{FAE04EC0-301F-11D3-BF4B-00C04F79EFBC}") = "HellDiversDotNetTests", "HellDiversDotNetTests\HellDiversDotNetTests.csproj", "{33BC23A0-A8D4-47EC-B99A-62FF2DC93835}"
EndProject
Global
	GlobalSection(SolutionConfigurationPlatforms) = preSolution
		Debug|Any CPU = Debug|Any CPU
		Release|Any CPU = Release|Any CPU
	EndGlobalSection
	GlobalSection(ProjectConfigurationPlatforms) = postSolution
		{64E709AC-8A65-4DC6-A0F9-DDCD705B8AD5}.Debug|Any CPU.ActiveCfg = Debug|Any CPU
		{64E709AC-8A65-4DC6-A0F9-DDCD705B8AD5}.Debug|Any CPU.Build.0 = Debug|Any CPU
		{64E709AC-8A65-4DC6-A0F9-DDCD705B8AD5}.Release|Any CPU.ActiveCfg = Release|Any CPU
		{64E709AC-8A65-4DC6-A0F9-DDCD705B8AD5}.Release|Any CPU.Build.0 = Release|Any CPU
		{33BC23A0-A8D4-47EC-B99A-62FF2DC93835}.Debug|Any CPU.ActiveCfg = Debug|Any CPU
		{33BC23A0-A8D4-47EC-B99A-62FF2DC93835}.Debug|Any CPU.Build.0 = Debug|Any CPU
		{33BC23A0-A8D4-47EC-B99A-62FF2DC93835}.Release|Any CPU.ActiveCfg = Release|Any CPU
		{33BC23A0-A8D4-47EC-B99A-62FF2DC93835}.Release|Any CPU.Build.0 = Release|Any CPU
	EndGlobalSection
	GlobalSection(SolutionProperties) = preSolution
		HideSolutionNode = FALSE
	EndGlobalSection
	GlobalSection(ExtensibilityGlobals) = postSolution
		SolutionGuid = {E4A7C707-3885-41D1-B0F3-B271C028A9D6}
	EndGlobalSection
EndGlobal
